// !$*UTF8*$!
{
	archiveVersion = 1;
	classes = {
	};
	objectVersion = 46;
	objects = {

/* Begin PBXContainerItemProxy section */
		EEF1412E1C1B1E0000CA54FB /* PBXContainerItemProxy */ = {
			isa = PBXContainerItemProxy;
			containerPortal = EEF141061C1B1E0000CA54FB /* Project object */;
			proxyType = 1;
			remoteGlobalIDString = EEF1410D1C1B1E0000CA54FB;
			remoteInfo = memoria;
		};
		EEF141391C1B1E0000CA54FB /* PBXContainerItemProxy */ = {
			isa = PBXContainerItemProxy;
			containerPortal = EEF141061C1B1E0000CA54FB /* Project object */;
			proxyType = 1;
			remoteGlobalIDString = EEF1410D1C1B1E0000CA54FB;
			remoteInfo = memoria;
		};
/* End PBXContainerItemProxy section */

/* Begin PBXFileReference section */
		EEC82FFA1C1B288C00DAD8DB /* memoria.playground */ = {isa = PBXFileReference; lastKnownFileType = file.playground; path = memoria.playground; sourceTree = "<group>"; };
		EEF1410E1C1B1E0000CA54FB /* memoria.app */ = {isa = PBXFileReference; explicitFileType = wrapper.application; includeInIndex = 0; name = memoria.app; path = "/Users/luisrodriguez/Documents/memoria/build/Debug-iphoneos/memoria.app"; sourceTree = "<absolute>"; };
		EEF1412D1C1B1E0000CA54FB /* memoriaTests.xctest */ = {isa = PBXFileReference; explicitFileType = wrapper.cfbundle; includeInIndex = 0; name = memoriaTests.xctest; path = "/Users/luisrodriguez/Documents/memoria/build/Debug-iphoneos/memoriaTests.xctest"; sourceTree = "<absolute>"; };
		EEF141381C1B1E0000CA54FB /* memoriaUITests.xctest */ = {isa = PBXFileReference; explicitFileType = wrapper.cfbundle; includeInIndex = 0; name = memoriaUITests.xctest; path = "/Users/luisrodriguez/Documents/memoria/build/Debug-iphoneos/memoriaUITests.xctest"; sourceTree = "<absolute>"; };
/* End PBXFileReference section */

/* Begin PBXFrameworksBuildPhase section */
		EEF1410B1C1B1E0000CA54FB /* Frameworks */ = {
			isa = PBXFrameworksBuildPhase;
			buildActionMask = 2147483647;
			files = (
			);
			runOnlyForDeploymentPostprocessing = 0;
		};
		EEF1412A1C1B1E0000CA54FB /* Frameworks */ = {
			isa = PBXFrameworksBuildPhase;
			buildActionMask = 2147483647;
			files = (
			);
			runOnlyForDeploymentPostprocessing = 0;
		};
		EEF141351C1B1E0000CA54FB /* Frameworks */ = {
			isa = PBXFrameworksBuildPhase;
			buildActionMask = 2147483647;
			files = (
			);
			runOnlyForDeploymentPostprocessing = 0;
		};
/* End PBXFrameworksBuildPhase section */

/* Begin PBXGroup section */
		EEF141051C1B1E0000CA54FB = {
			isa = PBXGroup;
			children = (
				EEC82FFA1C1B288C00DAD8DB /* memoria.playground */,
			);
			sourceTree = "<group>";
		};
/* End PBXGroup section */

/* Begin PBXNativeTarget section */
		EEF1410D1C1B1E0000CA54FB /* memoria */ = {
			isa = PBXNativeTarget;
			buildConfigurationList = EEF141411C1B1E0000CA54FB /* Build configuration list for PBXNativeTarget "memoria" */;
			buildPhases = (
				EEF1410A1C1B1E0000CA54FB /* Sources */,
				EEF1410B1C1B1E0000CA54FB /* Frameworks */,
				EEF1410C1C1B1E0000CA54FB /* Resources */,
			);
			buildRules = (
			);
			dependencies = (
			);
			name = memoria;
			productName = memoria;
			productReference = EEF1410E1C1B1E0000CA54FB /* memoria.app */;
			productType = "com.apple.product-type.application";
		};
		EEF1412C1C1B1E0000CA54FB /* memoriaTests */ = {
			isa = PBXNativeTarget;
			buildConfigurationList = EEF141441C1B1E0000CA54FB /* Build configuration list for PBXNativeTarget "memoriaTests" */;
			buildPhases = (
				EEF141291C1B1E0000CA54FB /* Sources */,
				EEF1412A1C1B1E0000CA54FB /* Frameworks */,
				EEF1412B1C1B1E0000CA54FB /* Resources */,
			);
			buildRules = (
			);
			dependencies = (
				EEF1412F1C1B1E0000CA54FB /* PBXTargetDependency */,
			);
			name = memoriaTests;
			productName = memoriaTests;
			productReference = EEF1412D1C1B1E0000CA54FB /* memoriaTests.xctest */;
			productType = "com.apple.product-type.bundle.unit-test";
		};
		EEF141371C1B1E0000CA54FB /* memoriaUITests */ = {
			isa = PBXNativeTarget;
			buildConfigurationList = EEF141471C1B1E0000CA54FB /* Build configuration list for PBXNativeTarget "memoriaUITests" */;
			buildPhases = (
				EEF141341C1B1E0000CA54FB /* Sources */,
				EEF141351C1B1E0000CA54FB /* Frameworks */,
				EEF141361C1B1E0000CA54FB /* Resources */,
			);
			buildRules = (
			);
			dependencies = (
				EEF1413A1C1B1E0000CA54FB /* PBXTargetDependency */,
			);
			name = memoriaUITests;
			productName = memoriaUITests;
			productReference = EEF141381C1B1E0000CA54FB /* memoriaUITests.xctest */;
			productType = "com.apple.product-type.bundle.ui-testing";
		};
/* End PBXNativeTarget section */

/* Begin PBXProject section */
		EEF141061C1B1E0000CA54FB /* Project object */ = {
			isa = PBXProject;
			attributes = {
				LastUpgradeCheck = 0710;
				ORGANIZATIONNAME = skeletor12;
				TargetAttributes = {
					EEF1410D1C1B1E0000CA54FB = {
						CreatedOnToolsVersion = 7.1.1;
						DevelopmentTeam = GBEM7P83UA;
					};
					EEF1412C1C1B1E0000CA54FB = {
						CreatedOnToolsVersion = 7.1.1;
						TestTargetID = EEF1410D1C1B1E0000CA54FB;
					};
					EEF141371C1B1E0000CA54FB = {
						CreatedOnToolsVersion = 7.1.1;
						TestTargetID = EEF1410D1C1B1E0000CA54FB;
					};
				};
			};
			buildConfigurationList = EEF141091C1B1E0000CA54FB /* Build configuration list for PBXProject "memoria" */;
			compatibilityVersion = "Xcode 3.2";
			developmentRegion = English;
			hasScannedForEncodings = 0;
			knownRegions = (
				en,
				Base,
			);
			mainGroup = EEF141051C1B1E0000CA54FB;
			productRefGroup = EEF141051C1B1E0000CA54FB;
			projectDirPath = "";
			projectRoot = "";
			targets = (
				EEF1410D1C1B1E0000CA54FB /* memoria */,
				EEF1412C1C1B1E0000CA54FB /* memoriaTests */,
				EEF141371C1B1E0000CA54FB /* memoriaUITests */,
			);
		};
/* End PBXProject section */

/* Begin PBXResourcesBuildPhase section */
		EEF1410C1C1B1E0000CA54FB /* Resources */ = {
			isa = PBXResourcesBuildPhase;
			buildActionMask = 2147483647;
			files = (
			);
			runOnlyForDeploymentPostprocessing = 0;
		};
		EEF1412B1C1B1E0000CA54FB /* Resources */ = {
			isa = PBXResourcesBuildPhase;
			buildActionMask = 2147483647;
			files = (
			);
			runOnlyForDeploymentPostprocessing = 0;
		};
		EEF141361C1B1E0000CA54FB /* Resources */ = {
			isa = PBXResourcesBuildPhase;
			buildActionMask = 2147483647;
			files = (
			);
			runOnlyForDeploymentPostprocessing = 0;
		};
/* End PBXResourcesBuildPhase section */

/* Begin PBXSourcesBuildPhase section */
		EEF1410A1C1B1E0000CA54FB /* Sources */ = {
			isa = PBXSourcesBuildPhase;
			buildActionMask = 2147483647;
			files = (
			);
			runOnlyForDeploymentPostprocessing = 0;
		};
		EEF141291C1B1E0000CA54FB /* Sources */ = {
			isa = PBXSourcesBuildPhase;
			buildActionMask = 2147483647;
			files = (
			);
			runOnlyForDeploymentPostprocessing = 0;
		};
		EEF141341C1B1E0000CA54FB /* Sources */ = {
			isa = PBXSourcesBuildPhase;
			buildActionMask = 2147483647;
			files = (
			);
			runOnlyForDeploymentPostprocessing = 0;
		};
/* End PBXSourcesBuildPhase section */

/* Begin PBXTargetDependency section */
		EEF1412F1C1B1E0000CA54FB /* PBXTargetDependency */ = {
			isa = PBXTargetDependency;
			target = EEF1410D1C1B1E0000CA54FB /* memoria */;
			targetProxy = EEF1412E1C1B1E0000CA54FB /* PBXContainerItemProxy */;
		};
		EEF1413A1C1B1E0000CA54FB /* PBXTargetDependency */ = {
			isa = PBXTargetDependency;
			target = EEF1410D1C1B1E0000CA54FB /* memoria */;
			targetProxy = EEF141391C1B1E0000CA54FB /* PBXContainerItemProxy */;
		};
/* End PBXTargetDependency section */

/* Begin XCBuildConfiguration section */
		EEF1413F1C1B1E0000CA54FB /* Debug */ = {
			isa = XCBuildConfiguration;
			buildSettings = {
				ALWAYS_SEARCH_USER_PATHS = NO;
				CLANG_CXX_LANGUAGE_STANDARD = "gnu++0x";
				CLANG_CXX_LIBRARY = "libc++";
				CLANG_ENABLE_MODULES = YES;
				CLANG_ENABLE_OBJC_ARC = YES;
				CLANG_WARN_BOOL_CONVERSION = YES;
				CLANG_WARN_CONSTANT_CONVERSION = YES;
				CLANG_WARN_DIRECT_OBJC_ISA_USAGE = YES_ERROR;
				CLANG_WARN_EMPTY_BODY = YES;
				CLANG_WARN_ENUM_CONVERSION = YES;
				CLANG_WARN_INT_CONVERSION = YES;
				CLANG_WARN_OBJC_ROOT_CLASS = YES_ERROR;
				CLANG_WARN_UNREACHABLE_CODE = YES;
				CLANG_WARN__DUPLICATE_METHOD_MATCH = YES;
				"CODE_SIGN_IDENTITY[sdk=iphoneos*]" = "iPhone Developer";
				COPY_PHASE_STRIP = NO;
				DEBUG_INFORMATION_FORMAT = dwarf;
				ENABLE_STRICT_OBJC_MSGSEND = YES;
				ENABLE_TESTABILITY = YES;
				GCC_C_LANGUAGE_STANDARD = gnu99;
				GCC_DYNAMIC_NO_PIC = NO;
				GCC_NO_COMMON_BLOCKS = YES;
				GCC_OPTIMIZATION_LEVEL = 0;
				GCC_PREPROCESSOR_DEFINITIONS = (
					"DEBUG=1",
					"$(inherited)",
				);
				GCC_WARN_64_TO_32_BIT_CONVERSION = YES;
				GCC_WARN_ABOUT_RETURN_TYPE = YES_ERROR;
				GCC_WARN_UNDECLARED_SELECTOR = YES;
				GCC_WARN_UNINITIALIZED_AUTOS = YES_AGGRESSIVE;
				GCC_WARN_UNUSED_FUNCTION = YES;
				GCC_WARN_UNUSED_VARIABLE = YES;
				IPHONEOS_DEPLOYMENT_TARGET = 9.1;
				MTL_ENABLE_DEBUG_INFO = YES;
				ONLY_ACTIVE_ARCH = YES;
				SDKROOT = iphoneos;
				TARGETED_DEVICE_FAMILY = "1,2";
			};
			name = Debug;
		};
		EEF141401C1B1E0000CA54FB /* Release */ = {
			isa = XCBuildConfiguration;
			buildSettings = {
				ALWAYS_SEARCH_USER_PATHS = NO;
				CLANG_CXX_LANGUAGE_STANDARD = "gnu++0x";
				CLANG_CXX_LIBRARY = "libc++";
				CLANG_ENABLE_MODULES = YES;
				CLANG_ENABLE_OBJC_ARC = YES;
				CLANG_WARN_BOOL_CONVERSION = YES;
				CLANG_WARN_CONSTANT_CONVERSION = YES;
				CLANG_WARN_DIRECT_OBJC_ISA_USAGE = YES_ERROR;
				CLANG_WARN_EMPTY_BODY = YES;
				CLANG_WARN_ENUM_CONVERSION = YES;
				CLANG_WARN_INT_CONVERSION = YES;
				CLANG_WARN_OBJC_ROOT_CLASS = YES_ERROR;
				CLANG_WARN_UNREACHABLE_CODE = YES;
				CLANG_WARN__DUPLICATE_METHOD_MATCH = YES;
				"CODE_SIGN_IDENTITY[sdk=iphoneos*]" = "iPhone Developer";
				COPY_PHASE_STRIP = NO;
				DEBUG_INFORMATION_FORMAT = "dwarf-with-dsym";
				ENABLE_NS_ASSERTIONS = NO;
				ENABLE_STRICT_OBJC_MSGSEND = YES;
				GCC_C_LANGUAGE_STANDARD = gnu99;
				GCC_NO_COMMON_BLOCKS = YES;
				GCC_WARN_64_TO_32_BIT_CONVERSION = YES;
				GCC_WARN_ABOUT_RETURN_TYPE = YES_ERROR;
				GCC_WARN_UNDECLARED_SELECTOR = YES;
				GCC_WARN_UNINITIALIZED_AUTOS = YES_AGGRESSIVE;
				GCC_WARN_UNUSED_FUNCTION = YES;
				GCC_WARN_UNUSED_VARIABLE = YES;
				IPHONEOS_DEPLOYMENT_TARGET = 9.1;
				MTL_ENABLE_DEBUG_INFO = NO;
				SDKROOT = iphoneos;
				TARGETED_DEVICE_FAMILY = "1,2";
				VALIDATE_PRODUCT = YES;
			};
			name = Release;
		};
		EEF141421C1B1E0000CA54FB /* Debug */ = {
			isa = XCBuildConfiguration;
			buildSettings = {
				ASSETCATALOG_COMPILER_APPICON_NAME = AppIcon;
				CODE_SIGN_IDENTITY = "iPhone Developer";
				"CODE_SIGN_IDENTITY[sdk=iphoneos*]" = "iPhone Developer";
				INFOPLIST_FILE = memoria/Info.plist;
				LD_RUNPATH_SEARCH_PATHS = "$(inherited) @executable_path/Frameworks";
				PRODUCT_BUNDLE_IDENTIFIER = git.memoria;
				PRODUCT_NAME = "$(TARGET_NAME)";
				PROVISIONING_PROFILE = "";
			};
			name = Debug;
		};
		EEF141431C1B1E0000CA54FB /* Release */ = {
			isa = XCBuildConfiguration;
			buildSettings = {
				ASSETCATALOG_COMPILER_APPICON_NAME = AppIcon;
				CODE_SIGN_IDENTITY = "iPhone Developer";
				"CODE_SIGN_IDENTITY[sdk=iphoneos*]" = "iPhone Developer";
				INFOPLIST_FILE = memoria/Info.plist;
				LD_RUNPATH_SEARCH_PATHS = "$(inherited) @executable_path/Frameworks";
				PRODUCT_BUNDLE_IDENTIFIER = git.memoria;
				PRODUCT_NAME = "$(TARGET_NAME)";
				PROVISIONING_PROFILE = "";
			};
			name = Release;
		};
		EEF141451C1B1E0000CA54FB /* Debug */ = {
			isa = XCBuildConfiguration;
			buildSettings = {
				BUNDLE_LOADER = "$(TEST_HOST)";
				INFOPLIST_FILE = memoriaTests/Info.plist;
				LD_RUNPATH_SEARCH_PATHS = "$(inherited) @executable_path/Frameworks @loader_path/Frameworks";
				PRODUCT_BUNDLE_IDENTIFIER = git.memoriaTests;
				PRODUCT_NAME = "$(TARGET_NAME)";
				TEST_HOST = "$(BUILT_PRODUCTS_DIR)/memoria.app/memoria";
			};
			name = Debug;
		};
		EEF141461C1B1E0000CA54FB /* Release */ = {
			isa = XCBuildConfiguration;
			buildSettings = {
				BUNDLE_LOADER = "$(TEST_HOST)";
				INFOPLIST_FILE = memoriaTests/Info.plist;
				LD_RUNPATH_SEARCH_PATHS = "$(inherited) @executable_path/Frameworks @loader_path/Frameworks";
				PRODUCT_BUNDLE_IDENTIFIER = git.memoriaTests;
				PRODUCT_NAME = "$(TARGET_NAME)";
				TEST_HOST = "$(BUILT_PRODUCTS_DIR)/memoria.app/memoria";
			};
			name = Release;
		};
		EEF141481C1B1E0000CA54FB /* Debug */ = {
			isa = XCBuildConfiguration;
			buildSettings = {
				INFOPLIST_FILE = memoriaUITests/Info.plist;
				LD_RUNPATH_SEARCH_PATHS = "$(inherited) @executable_path/Frameworks @loader_path/Frameworks";
				PRODUCT_BUNDLE_IDENTIFIER = git.memoriaUITests;
				PRODUCT_NAME = "$(TARGET_NAME)";
				TEST_TARGET_NAME = memoria;
				USES_XCTRUNNER = YES;
			};
			name = Debug;
		};
		EEF141491C1B1E0000CA54FB /* Release */ = {
			isa = XCBuildConfiguration;
			buildSettings = {
				INFOPLIST_FILE = memoriaUITests/Info.plist;
				LD_RUNPATH_SEARCH_PATHS = "$(inherited) @executable_path/Frameworks @loader_path/Frameworks";
				PRODUCT_BUNDLE_IDENTIFIER = git.memoriaUITests;
				PRODUCT_NAME = "$(TARGET_NAME)";
				TEST_TARGET_NAME = memoria;
				USES_XCTRUNNER = YES;
			};
			name = Release;
		};
/* End XCBuildConfiguration section */

/* Begin XCConfigurationList section */
		EEF141091C1B1E0000CA54FB /* Build configuration list for PBXProject "memoria" */ = {
			isa = XCConfigurationList;
			buildConfigurations = (
				EEF1413F1C1B1E0000CA54FB /* Debug */,
				EEF141401C1B1E0000CA54FB /* Release */,
			);
			defaultConfigurationIsVisible = 0;
			defaultConfigurationName = Release;
		};
		EEF141411C1B1E0000CA54FB /* Build configuration list for PBXNativeTarget "memoria" */ = {
			isa = XCConfigurationList;
			buildConfigurations = (
				EEF141421C1B1E0000CA54FB /* Debug */,
				EEF141431C1B1E0000CA54FB /* Release */,
			);
			defaultConfigurationIsVisible = 0;
			defaultConfigurationName = Release;
		};
		EEF141441C1B1E0000CA54FB /* Build configuration list for PBXNativeTarget "memoriaTests" */ = {
			isa = XCConfigurationList;
			buildConfigurations = (
				EEF141451C1B1E0000CA54FB /* Debug */,
				EEF141461C1B1E0000CA54FB /* Release */,
			);
			defaultConfigurationIsVisible = 0;
			defaultConfigurationName = Release;
		};
		EEF141471C1B1E0000CA54FB /* Build configuration list for PBXNativeTarget "memoriaUITests" */ = {
			isa = XCConfigurationList;
			buildConfigurations = (
				EEF141481C1B1E0000CA54FB /* Debug */,
				EEF141491C1B1E0000CA54FB /* Release */,
			);
			defaultConfigurationIsVisible = 0;
			defaultConfigurationName = Release;
		};
/* End XCConfigurationList section */
	};
	rootObject = EEF141061C1B1E0000CA54FB /* Project object */;
}
